// !$*UTF8*$!
{
	archiveVersion = 1;
	classes = {
	};
	objectVersion = 46;
	objects = {

/* Begin PBXBuildFile section */
		331FB9541F106A6E00646EAE /* MemoTableViewController.m in Sources */ = {isa = PBXBuildFile; fileRef = 331FB9531F106A6E00646EAE /* MemoTableViewController.m */; };
		331FB9571F106E5700646EAE /* EditViewController.m in Sources */ = {isa = PBXBuildFile; fileRef = 331FB9561F106E5700646EAE /* EditViewController.m */; };
		331FB9591F1102E300646EAE /* Note.plist in Resources */ = {isa = PBXBuildFile; fileRef = 331FB9581F1102E300646EAE /* Note.plist */; };
		33E52AD71F0FB4BC00390DF2 /* main.m in Sources */ = {isa = PBXBuildFile; fileRef = 33E52AD61F0FB4BC00390DF2 /* main.m */; };
		33E52ADA1F0FB4BC00390DF2 /* AppDelegate.m in Sources */ = {isa = PBXBuildFile; fileRef = 33E52AD91F0FB4BC00390DF2 /* AppDelegate.m */; };
		33E52AE01F0FB4BC00390DF2 /* Main.storyboard in Resources */ = {isa = PBXBuildFile; fileRef = 33E52ADE1F0FB4BC00390DF2 /* Main.storyboard */; };
		33E52AE21F0FB4BC00390DF2 /* Assets.xcassets in Resources */ = {isa = PBXBuildFile; fileRef = 33E52AE11F0FB4BC00390DF2 /* Assets.xcassets */; };
		33E52AE51F0FB4BC00390DF2 /* LaunchScreen.storyboard in Resources */ = {isa = PBXBuildFile; fileRef = 33E52AE31F0FB4BC00390DF2 /* LaunchScreen.storyboard */; };
		33E52AF41F0FBFB500390DF2 /* Note.m in Sources */ = {isa = PBXBuildFile; fileRef = 33E52AF31F0FBFB500390DF2 /* Note.m */; };
		33E52AF71F0FC12900390DF2 /* NoteDAO.m in Sources */ = {isa = PBXBuildFile; fileRef = 33E52AF61F0FC12900390DF2 /* NoteDAO.m */; };
		33E52AFA1F0FCAD000390DF2 /* NoteManage.m in Sources */ = {isa = PBXBuildFile; fileRef = 33E52AF91F0FCAD000390DF2 /* NoteManage.m */; };
/* End PBXBuildFile section */

/* Begin PBXFileReference section */
		331FB9521F106A6E00646EAE /* MemoTableViewController.h */ = {isa = PBXFileReference; fileEncoding = 4; lastKnownFileType = sourcecode.c.h; path = MemoTableViewController.h; sourceTree = "<group>"; };
		331FB9531F106A6E00646EAE /* MemoTableViewController.m */ = {isa = PBXFileReference; fileEncoding = 4; lastKnownFileType = sourcecode.c.objc; path = MemoTableViewController.m; sourceTree = "<group>"; };
		331FB9551F106E5700646EAE /* EditViewController.h */ = {isa = PBXFileReference; fileEncoding = 4; lastKnownFileType = sourcecode.c.h; path = EditViewController.h; sourceTree = "<group>"; };
		331FB9561F106E5700646EAE /* EditViewController.m */ = {isa = PBXFileReference; fileEncoding = 4; lastKnownFileType = sourcecode.c.objc; path = EditViewController.m; sourceTree = "<group>"; };
		331FB9581F1102E300646EAE /* Note.plist */ = {isa = PBXFileReference; fileEncoding = 4; lastKnownFileType = text.plist.xml; name = Note.plist; path = MemoPractice/Data/Note.plist; sourceTree = "<group>"; };
		33E52AD21F0FB4BC00390DF2 /* MemoPractice.app */ = {isa = PBXFileReference; explicitFileType = wrapper.application; includeInIndex = 0; path = MemoPractice.app; sourceTree = BUILT_PRODUCTS_DIR; };
		33E52AD61F0FB4BC00390DF2 /* main.m */ = {isa = PBXFileReference; lastKnownFileType = sourcecode.c.objc; path = main.m; sourceTree = "<group>"; };
		33E52AD81F0FB4BC00390DF2 /* AppDelegate.h */ = {isa = PBXFileReference; lastKnownFileType = sourcecode.c.h; path = AppDelegate.h; sourceTree = "<group>"; };
		33E52AD91F0FB4BC00390DF2 /* AppDelegate.m */ = {isa = PBXFileReference; lastKnownFileType = sourcecode.c.objc; path = AppDelegate.m; sourceTree = "<group>"; };
		33E52ADF1F0FB4BC00390DF2 /* Base */ = {isa = PBXFileReference; lastKnownFileType = file.storyboard; name = Base; path = Base.lproj/Main.storyboard; sourceTree = "<group>"; };
		33E52AE11F0FB4BC00390DF2 /* Assets.xcassets */ = {isa = PBXFileReference; lastKnownFileType = folder.assetcatalog; path = Assets.xcassets; sourceTree = "<group>"; };
		33E52AE41F0FB4BC00390DF2 /* Base */ = {isa = PBXFileReference; lastKnownFileType = file.storyboard; name = Base; path = Base.lproj/LaunchScreen.storyboard; sourceTree = "<group>"; };
		33E52AE61F0FB4BC00390DF2 /* Info.plist */ = {isa = PBXFileReference; lastKnownFileType = text.plist.xml; path = Info.plist; sourceTree = "<group>"; };
		33E52AF21F0FBFB500390DF2 /* Note.h */ = {isa = PBXFileReference; fileEncoding = 4; lastKnownFileType = sourcecode.c.h; name = Note.h; path = MemoPractice/Data/Note.h; sourceTree = "<group>"; };
		33E52AF31F0FBFB500390DF2 /* Note.m */ = {isa = PBXFileReference; fileEncoding = 4; lastKnownFileType = sourcecode.c.objc; name = Note.m; path = MemoPractice/Data/Note.m; sourceTree = "<group>"; };
		33E52AF51F0FC12900390DF2 /* NoteDAO.h */ = {isa = PBXFileReference; fileEncoding = 4; lastKnownFileType = sourcecode.c.h; name = NoteDAO.h; path = MemoPractice/Data/NoteDAO.h; sourceTree = "<group>"; };
		33E52AF61F0FC12900390DF2 /* NoteDAO.m */ = {isa = PBXFileReference; fileEncoding = 4; lastKnownFileType = sourcecode.c.objc; name = NoteDAO.m; path = MemoPractice/Data/NoteDAO.m; sourceTree = "<group>"; };
		33E52AF81F0FCAD000390DF2 /* NoteManage.h */ = {isa = PBXFileReference; fileEncoding = 4; lastKnownFileType = sourcecode.c.h; name = NoteManage.h; path = MemoPractice/BL/NoteManage.h; sourceTree = "<group>"; };
		33E52AF91F0FCAD000390DF2 /* NoteManage.m */ = {isa = PBXFileReference; fileEncoding = 4; lastKnownFileType = sourcecode.c.objc; name = NoteManage.m; path = MemoPractice/BL/NoteManage.m; sourceTree = "<group>"; };
/* End PBXFileReference section */

/* Begin PBXFrameworksBuildPhase section */
		33E52ACF1F0FB4BC00390DF2 /* Frameworks */ = {
			isa = PBXFrameworksBuildPhase;
			buildActionMask = 2147483647;
			files = (
			);
			runOnlyForDeploymentPostprocessing = 0;
		};
/* End PBXFrameworksBuildPhase section */

/* Begin PBXGroup section */
		33E52AC91F0FB4BC00390DF2 = {
			isa = PBXGroup;
			children = (
				33E52AED1F0FBD1600390DF2 /* DataLayer */,
				33E52AEC1F0FBD0300390DF2 /* BusinessLogicLayer */,
				33E52AD41F0FB4BC00390DF2 /* ViewLayer */,
				33E52AD31F0FB4BC00390DF2 /* Products */,
			);
			sourceTree = "<group>";
		};
		33E52AD31F0FB4BC00390DF2 /* Products */ = {
			isa = PBXGroup;
			children = (
				33E52AD21F0FB4BC00390DF2 /* MemoPractice.app */,
			);
			name = Products;
			sourceTree = "<group>";
		};
		33E52AD41F0FB4BC00390DF2 /* ViewLayer */ = {
			isa = PBXGroup;
			children = (
				33E52AD81F0FB4BC00390DF2 /* AppDelegate.h */,
				33E52AD91F0FB4BC00390DF2 /* AppDelegate.m */,
				331FB9521F106A6E00646EAE /* MemoTableViewController.h */,
				331FB9531F106A6E00646EAE /* MemoTableViewController.m */,
				331FB9551F106E5700646EAE /* EditViewController.h */,
				331FB9561F106E5700646EAE /* EditViewController.m */,
				33E52ADE1F0FB4BC00390DF2 /* Main.storyboard */,
				33E52AE11F0FB4BC00390DF2 /* Assets.xcassets */,
				33E52AE31F0FB4BC00390DF2 /* LaunchScreen.storyboard */,
				33E52AE61F0FB4BC00390DF2 /* Info.plist */,
				33E52AD51F0FB4BC00390DF2 /* Supporting Files */,
			);
			name = ViewLayer;
			path = MemoPractice;
			sourceTree = "<group>";
		};
		33E52AD51F0FB4BC00390DF2 /* Supporting Files */ = {
			isa = PBXGroup;
			children = (
				33E52AD61F0FB4BC00390DF2 /* main.m */,
			);
			name = "Supporting Files";
			sourceTree = "<group>";
		};
		33E52AEC1F0FBD0300390DF2 /* BusinessLogicLayer */ = {
			isa = PBXGroup;
			children = (
				33E52AF81F0FCAD000390DF2 /* NoteManage.h */,
				33E52AF91F0FCAD000390DF2 /* NoteManage.m */,
			);
			name = BusinessLogicLayer;
			sourceTree = "<group>";
		};
		33E52AED1F0FBD1600390DF2 /* DataLayer */ = {
			isa = PBXGroup;
			children = (
				33E52AEF1F0FBEC600390DF2 /* DAO */,
				33E52AEE1F0FBEB100390DF2 /* Model */,
			);
			name = DataLayer;
			sourceTree = "<group>";
		};
		33E52AEE1F0FBEB100390DF2 /* Model */ = {
			isa = PBXGroup;
			children = (
				33E52AF21F0FBFB500390DF2 /* Note.h */,
				33E52AF31F0FBFB500390DF2 /* Note.m */,
			);
			name = Model;
			sourceTree = "<group>";
		};
		33E52AEF1F0FBEC600390DF2 /* DAO */ = {
			isa = PBXGroup;
			children = (
				33E52AF51F0FC12900390DF2 /* NoteDAO.h */,
				33E52AF61F0FC12900390DF2 /* NoteDAO.m */,
				331FB9581F1102E300646EAE /* Note.plist */,
			);
			name = DAO;
			sourceTree = "<group>";
		};
/* End PBXGroup section */

/* Begin PBXNativeTarget section */
		33E52AD11F0FB4BC00390DF2 /* MemoPractice */ = {
			isa = PBXNativeTarget;
			buildConfigurationList = 33E52AE91F0FB4BC00390DF2 /* Build configuration list for PBXNativeTarget "MemoPractice" */;
			buildPhases = (
				33E52ACE1F0FB4BC00390DF2 /* Sources */,
				33E52ACF1F0FB4BC00390DF2 /* Frameworks */,
				33E52AD01F0FB4BC00390DF2 /* Resources */,
			);
			buildRules = (
			);
			dependencies = (
			);
			name = MemoPractice;
			productName = MemoPractice;
			productReference = 33E52AD21F0FB4BC00390DF2 /* MemoPractice.app */;
			productType = "com.apple.product-type.application";
		};
/* End PBXNativeTarget section */

/* Begin PBXProject section */
		33E52ACA1F0FB4BC00390DF2 /* Project object */ = {
			isa = PBXProject;
			attributes = {
				LastUpgradeCheck = 0830;
				ORGANIZATIONNAME = BlackApple;
				TargetAttributes = {
					33E52AD11F0FB4BC00390DF2 = {
						CreatedOnToolsVersion = 8.3;
						ProvisioningStyle = Automatic;
					};
				};
			};
			buildConfigurationList = 33E52ACD1F0FB4BC00390DF2 /* Build configuration list for PBXProject "MemoPractice" */;
			compatibilityVersion = "Xcode 3.2";
			developmentRegion = English;
			hasScannedForEncodings = 0;
			knownRegions = (
				en,
				Base,
			);
			mainGroup = 33E52AC91F0FB4BC00390DF2;
			productRefGroup = 33E52AD31F0FB4BC00390DF2 /* Products */;
			projectDirPath = "";
			projectRoot = "";
			targets = (
				33E52AD11F0FB4BC00390DF2 /* MemoPractice */,
			);
		};
/* End PBXProject section */

/* Begin PBXResourcesBuildPhase section */
		33E52AD01F0FB4BC00390DF2 /* Resources */ = {
			isa = PBXResourcesBuildPhase;
			buildActionMask = 2147483647;
			files = (
				33E52AE51F0FB4BC00390DF2 /* LaunchScreen.storyboard in Resources */,
				33E52AE21F0FB4BC00390DF2 /* Assets.xcassets in Resources */,
				331FB9591F1102E300646EAE /* Note.plist in Resources */,
				33E52AE01F0FB4BC00390DF2 /* Main.storyboard in Resources */,
			);
			runOnlyForDeploymentPostprocessing = 0;
		};
/* End PBXResourcesBuildPhase section */

/* Begin PBXSourcesBuildPhase section */
		33E52ACE1F0FB4BC00390DF2 /* Sources */ = {
			isa = PBXSourcesBuildPhase;
			buildActionMask = 2147483647;
			files = (
				33E52AF71F0FC12900390DF2 /* NoteDAO.m in Sources */,
				331FB9541F106A6E00646EAE /* MemoTableViewController.m in Sources */,
				33E52AFA1F0FCAD000390DF2 /* NoteManage.m in Sources */,
				331FB9571F106E5700646EAE /* EditViewController.m in Sources */,
				33E52ADA1F0FB4BC00390DF2 /* AppDelegate.m in Sources */,
				33E52AD71F0FB4BC00390DF2 /* main.m in Sources */,
				33E52AF41F0FBFB500390DF2 /* Note.m in Sources */,
			);
			runOnlyForDeploymentPostprocessing = 0;
		};
/* End PBXSourcesBuildPhase section */

/* Begin PBXVariantGroup section */
		33E52ADE1F0FB4BC00390DF2 /* Main.storyboard */ = {
			isa = PBXVariantGroup;
			children = (
				33E52ADF1F0FB4BC00390DF2 /* Base */,
			);
			name = Main.storyboard;
			sourceTree = "<group>";
		};
		33E52AE31F0FB4BC00390DF2 /* LaunchScreen.storyboard */ = {
			isa = PBXVariantGroup;
			children = (
				33E52AE41F0FB4BC00390DF2 /* Base */,
			);
			name = LaunchScreen.storyboard;
			sourceTree = "<group>";
		};
/* End PBXVariantGroup section */

/* Begin XCBuildConfiguration section */
		33E52AE71F0FB4BC00390DF2 /* Debug */ = {
			isa = XCBuildConfiguration;
			buildSettings = {
				ALWAYS_SEARCH_USER_PATHS = NO;
				CLANG_ANALYZER_NONNULL = YES;
				CLANG_ANALYZER_NUMBER_OBJECT_CONVERSION = YES_AGGRESSIVE;
				CLANG_CXX_LANGUAGE_STANDARD = "gnu++0x";
				CLANG_CXX_LIBRARY = "libc++";
				CLANG_ENABLE_MODULES = YES;
				CLANG_ENABLE_OBJC_ARC = YES;
				CLANG_WARN_BOOL_CONVERSION = YES;
				CLANG_WARN_CONSTANT_CONVERSION = YES;
				CLANG_WARN_DIRECT_OBJC_ISA_USAGE = YES_ERROR;
				CLANG_WARN_DOCUMENTATION_COMMENTS = YES;
				CLANG_WARN_EMPTY_BODY = YES;
				CLANG_WARN_ENUM_CONVERSION = YES;
				CLANG_WARN_INFINITE_RECURSION = YES;
				CLANG_WARN_INT_CONVERSION = YES;
				CLANG_WARN_OBJC_ROOT_CLASS = YES_ERROR;
				CLANG_WARN_SUSPICIOUS_MOVE = YES;
				CLANG_WARN_UNREACHABLE_CODE = YES;
				CLANG_WARN__DUPLICATE_METHOD_MATCH = YES;
				"CODE_SIGN_IDENTITY[sdk=iphoneos*]" = "iPhone Developer";
				COPY_PHASE_STRIP = NO;
				DEBUG_INFORMATION_FORMAT = dwarf;
				ENABLE_STRICT_OBJC_MSGSEND = YES;
				ENABLE_TESTABILITY = YES;
				GCC_C_LANGUAGE_STANDARD = gnu99;
				GCC_DYNAMIC_NO_PIC = NO;
				GCC_NO_COMMON_BLOCKS = YES;
				GCC_OPTIMIZATION_LEVEL = 0;
				GCC_PREPROCESSOR_DEFINITIONS = (
					"DEBUG=1",
					"$(inherited)",
				);
				GCC_WARN_64_TO_32_BIT_CONVERSION = YES;
				GCC_WARN_ABOUT_RETURN_TYPE = YES_ERROR;
				GCC_WARN_UNDECLARED_SELECTOR = YES;
				GCC_WARN_UNINITIALIZED_AUTOS = YES_AGGRESSIVE;
				GCC_WARN_UNUSED_FUNCTION = YES;
				GCC_WARN_UNUSED_VARIABLE = YES;
				IPHONEOS_DEPLOYMENT_TARGET = 10.3;
				MTL_ENABLE_DEBUG_INFO = YES;
				ONLY_ACTIVE_ARCH = YES;
				SDKROOT = iphoneos;
			};
			name = Debug;
		};
		33E52AE81F0FB4BC00390DF2 /* Release */ = {
			isa = XCBuildConfiguration;
			buildSettings = {
				ALWAYS_SEARCH_USER_PATHS = NO;
				CLANG_ANALYZER_NONNULL = YES;
				CLANG_ANALYZER_NUMBER_OBJECT_CONVERSION = YES_AGGRESSIVE;
				CLANG_CXX_LANGUAGE_STANDARD = "gnu++0x";
				CLANG_CXX_LIBRARY = "libc++";
				CLANG_ENABLE_MODULES = YES;
				CLANG_ENABLE_OBJC_ARC = YES;
				CLANG_WARN_BOOL_CONVERSION = YES;
				CLANG_WARN_CONSTANT_CONVERSION = YES;
				CLANG_WARN_DIRECT_OBJC_ISA_USAGE = YES_ERROR;
				CLANG_WARN_DOCUMENTATION_COMMENTS = YES;
				CLANG_WARN_EMPTY_BODY = YES;
				CLANG_WARN_ENUM_CONVERSION = YES;
				CLANG_WARN_INFINITE_RECURSION = YES;
				CLANG_WARN_INT_CONVERSION = YES;
				CLANG_WARN_OBJC_ROOT_CLASS = YES_ERROR;
				CLANG_WARN_SUSPICIOUS_MOVE = YES;
				CLANG_WARN_UNREACHABLE_CODE = YES;
				CLANG_WARN__DUPLICATE_METHOD_MATCH = YES;
				"CODE_SIGN_IDENTITY[sdk=iphoneos*]" = "iPhone Developer";
				COPY_PHASE_STRIP = NO;
				DEBUG_INFORMATION_FORMAT = "dwarf-with-dsym";
				ENABLE_NS_ASSERTIONS = NO;
				ENABLE_STRICT_OBJC_MSGSEND = YES;
				GCC_C_LANGUAGE_STANDARD = gnu99;
				GCC_NO_COMMON_BLOCKS = YES;
				GCC_WARN_64_TO_32_BIT_CONVERSION = YES;
				GCC_WARN_ABOUT_RETURN_TYPE = YES_ERROR;
				GCC_WARN_UNDECLARED_SELECTOR = YES;
				GCC_WARN_UNINITIALIZED_AUTOS = YES_AGGRESSIVE;
				GCC_WARN_UNUSED_FUNCTION = YES;
				GCC_WARN_UNUSED_VARIABLE = YES;
				IPHONEOS_DEPLOYMENT_TARGET = 10.3;
				MTL_ENABLE_DEBUG_INFO = NO;
				SDKROOT = iphoneos;
				VALIDATE_PRODUCT = YES;
			};
			name = Release;
		};
		33E52AEA1F0FB4BC00390DF2 /* Debug */ = {
			isa = XCBuildConfiguration;
			buildSettings = {
				ASSETCATALOG_COMPILER_APPICON_NAME = AppIcon;
				INFOPLIST_FILE = MemoPractice/Info.plist;
				LD_RUNPATH_SEARCH_PATHS = "$(inherited) @executable_path/Frameworks";
				PRODUCT_BUNDLE_IDENTIFIER = com.littleqi.MemoPractice;
				PRODUCT_NAME = "$(TARGET_NAME)";
			};
			name = Debug;
		};
		33E52AEB1F0FB4BC00390DF2 /* Release */ = {
			isa = XCBuildConfiguration;
			buildSettings = {
				ASSETCATALOG_COMPILER_APPICON_NAME = AppIcon;
				INFOPLIST_FILE = MemoPractice/Info.plist;
				LD_RUNPATH_SEARCH_PATHS = "$(inherited) @executable_path/Frameworks";
				PRODUCT_BUNDLE_IDENTIFIER = com.littleqi.MemoPractice;
				PRODUCT_NAME = "$(TARGET_NAME)";
			};
			name = Release;
		};
/* End XCBuildConfiguration section */

/* Begin XCConfigurationList section */
		33E52ACD1F0FB4BC00390DF2 /* Build configuration list for PBXProject "MemoPractice" */ = {
			isa = XCConfigurationList;
			buildConfigurations = (
				33E52AE71F0FB4BC00390DF2 /* Debug */,
				33E52AE81F0FB4BC00390DF2 /* Release */,
			);
			defaultConfigurationIsVisible = 0;
			defaultConfigurationName = Release;
		};
		33E52AE91F0FB4BC00390DF2 /* Build configuration list for PBXNativeTarget "MemoPractice" */ = {
			isa = XCConfigurationList;
			buildConfigurations = (
				33E52AEA1F0FB4BC00390DF2 /* Debug */,
				33E52AEB1F0FB4BC00390DF2 /* Release */,
			);
			defaultConfigurationIsVisible = 0;
			defaultConfigurationName = Release;
		};
/* End XCConfigurationList section */
	};
	rootObject = 33E52ACA1F0FB4BC00390DF2 /* Project object */;
}
